
Microsoft Visual Studio Solution File, Format Version 12.00
# Visual Studio Version 17
VisualStudioVersion = 17.0.31919.166
MinimumVisualStudioVersion = 10.0.40219.1
Project("{FAE04EC0-301F-11D3-BF4B-00C04F79EFBC}") = "ChristmasTree", "ChristmasTree\ChristmasTree.csproj", "{85E79A3E-B427-4018-A139-B061D0B7ABB8}"
EndProject
Global
	GlobalSection(SolutionConfigurationPlatforms) = preSolution
		Debug|Any CPU = Debug|Any CPU
		Release|Any CPU = Release|Any CPU
	EndGlobalSection
	GlobalSection(ProjectConfigurationPlatforms) = postSolution
		{85E79A3E-B427-4018-A139-B061D0B7ABB8}.Debug|Any CPU.ActiveCfg = Debug|Any CPU
		{85E79A3E-B427-4018-A139-B061D0B7ABB8}.Debug|Any CPU.Build.0 = Debug|Any CPU
		{85E79A3E-B427-4018-A139-B061D0B7ABB8}.Release|Any CPU.ActiveCfg = Release|Any CPU
		{85E79A3E-B427-4018-A139-B061D0B7ABB8}.Release|Any CPU.Build.0 = Release|Any CPU
	EndGlobalSection
	GlobalSection(SolutionProperties) = preSolution
		HideSolutionNode = FALSE
	EndGlobalSection
	GlobalSection(ExtensibilityGlobals) = postSolution
		SolutionGuid = {29DAA32C-F07B-4EFA-B9AA-2D78C7569322}
	EndGlobalSection
EndGlobal
